
Microsoft Visual Studio Solution File, Format Version 12.00
# Visual Studio 14
VisualStudioVersion = 14.0.25123.0
MinimumVisualStudioVersion = 10.0.40219.1
Project("{FAE04EC0-301F-11D3-BF4B-00C04F79EFBC}") = "flushfillsrc", "flushfillsrc\flushfillsrc.csproj", "{D7310D12-028C-482E-BE25-C7F7E3152D83}"
EndProject
Project("{2150E333-8FDC-42A3-9474-1A3956D46DE8}") = "Solution Items", "Solution Items", "{FA17C450-0B80-449F-9B0A-E086A1796518}"
EndProject
Global
	GlobalSection(SolutionConfigurationPlatforms) = preSolution
		Debug|Any CPU = Debug|Any CPU
		Release|Any CPU = Release|Any CPU
	EndGlobalSection
	GlobalSection(ProjectConfigurationPlatforms) = postSolution
		{D7310D12-028C-482E-BE25-C7F7E3152D83}.Debug|Any CPU.ActiveCfg = Debug|Any CPU
		{D7310D12-028C-482E-BE25-C7F7E3152D83}.Debug|Any CPU.Build.0 = Debug|Any CPU
		{D7310D12-028C-482E-BE25-C7F7E3152D83}.Release|Any CPU.ActiveCfg = Release|Any CPU
		{D7310D12-028C-482E-BE25-C7F7E3152D83}.Release|Any CPU.Build.0 = Release|Any CPU
	EndGlobalSection
	GlobalSection(SolutionProperties) = preSolution
		HideSolutionNode = FALSE
	EndGlobalSection
EndGlobal
